// !$*UTF8*$!
{
	archiveVersion = 1;
	classes = {
	};
	objectVersion = 46;
	objects = {

/* Begin PBXBuildFile section */
		30075B6F1E325518008D567A /* AppDelegate.swift in Sources */ = {isa = PBXBuildFile; fileRef = 30075B6E1E325518008D567A /* AppDelegate.swift */; };
		30075B741E325518008D567A /* Main.storyboard in Resources */ = {isa = PBXBuildFile; fileRef = 30075B721E325518008D567A /* Main.storyboard */; };
		30075B761E325518008D567A /* Assets.xcassets in Resources */ = {isa = PBXBuildFile; fileRef = 30075B751E325518008D567A /* Assets.xcassets */; };
		30075B791E325518008D567A /* LaunchScreen.storyboard in Resources */ = {isa = PBXBuildFile; fileRef = 30075B771E325518008D567A /* LaunchScreen.storyboard */; };
		30075B831E3255BE008D567A /* Model1.swift in Sources */ = {isa = PBXBuildFile; fileRef = 30075B821E3255BE008D567A /* Model1.swift */; };
		30075B851E3258FF008D567A /* Model2.swift in Sources */ = {isa = PBXBuildFile; fileRef = 30075B841E3258FF008D567A /* Model2.swift */; };
		30075B881E3259F4008D567A /* Controller1.swift in Sources */ = {isa = PBXBuildFile; fileRef = 30075B871E3259F4008D567A /* Controller1.swift */; };
		30075B8A1E325A07008D567A /* Controller2.swift in Sources */ = {isa = PBXBuildFile; fileRef = 30075B891E325A07008D567A /* Controller2.swift */; };
		30075B8D1E326A2B008D567A /* Model.swift in Sources */ = {isa = PBXBuildFile; fileRef = 30075B8C1E326A2B008D567A /* Model.swift */; };
/* End PBXBuildFile section */

/* Begin PBXFileReference section */
		30075B6B1E325518008D567A /* MVC02.app */ = {isa = PBXFileReference; explicitFileType = wrapper.application; includeInIndex = 0; path = MVC02.app; sourceTree = BUILT_PRODUCTS_DIR; };
		30075B6E1E325518008D567A /* AppDelegate.swift */ = {isa = PBXFileReference; lastKnownFileType = sourcecode.swift; path = AppDelegate.swift; sourceTree = "<group>"; };
		30075B731E325518008D567A /* Base */ = {isa = PBXFileReference; lastKnownFileType = file.storyboard; name = Base; path = Base.lproj/Main.storyboard; sourceTree = "<group>"; };
		30075B751E325518008D567A /* Assets.xcassets */ = {isa = PBXFileReference; lastKnownFileType = folder.assetcatalog; path = Assets.xcassets; sourceTree = "<group>"; };
		30075B781E325518008D567A /* Base */ = {isa = PBXFileReference; lastKnownFileType = file.storyboard; name = Base; path = Base.lproj/LaunchScreen.storyboard; sourceTree = "<group>"; };
		30075B7A1E325518008D567A /* Info.plist */ = {isa = PBXFileReference; lastKnownFileType = text.plist.xml; path = Info.plist; sourceTree = "<group>"; };
		30075B821E3255BE008D567A /* Model1.swift */ = {isa = PBXFileReference; fileEncoding = 4; lastKnownFileType = sourcecode.swift; path = Model1.swift; sourceTree = "<group>"; };
		30075B841E3258FF008D567A /* Model2.swift */ = {isa = PBXFileReference; fileEncoding = 4; lastKnownFileType = sourcecode.swift; path = Model2.swift; sourceTree = "<group>"; };
		30075B871E3259F4008D567A /* Controller1.swift */ = {isa = PBXFileReference; fileEncoding = 4; lastKnownFileType = sourcecode.swift; path = Controller1.swift; sourceTree = "<group>"; };
		30075B891E325A07008D567A /* Controller2.swift */ = {isa = PBXFileReference; fileEncoding = 4; lastKnownFileType = sourcecode.swift; path = Controller2.swift; sourceTree = "<group>"; };
		30075B8C1E326A2B008D567A /* Model.swift */ = {isa = PBXFileReference; fileEncoding = 4; lastKnownFileType = sourcecode.swift; path = Model.swift; sourceTree = "<group>"; };
/* End PBXFileReference section */

/* Begin PBXFrameworksBuildPhase section */
		30075B681E325518008D567A /* Frameworks */ = {
			isa = PBXFrameworksBuildPhase;
			buildActionMask = 2147483647;
			files = (
			);
			runOnlyForDeploymentPostprocessing = 0;
		};
/* End PBXFrameworksBuildPhase section */

/* Begin PBXGroup section */
		30075B621E325518008D567A = {
			isa = PBXGroup;
			children = (
				30075B6D1E325518008D567A /* MVC02 */,
				30075B6C1E325518008D567A /* Products */,
			);
			sourceTree = "<group>";
		};
		30075B6C1E325518008D567A /* Products */ = {
			isa = PBXGroup;
			children = (
				30075B6B1E325518008D567A /* MVC02.app */,
			);
			name = Products;
			sourceTree = "<group>";
		};
		30075B6D1E325518008D567A /* MVC02 */ = {
			isa = PBXGroup;
			children = (
				30075B801E325535008D567A /* Model */,
				30075B8B1E325A28008D567A /* View */,
				30075B861E3259B0008D567A /* Controller */,
				30075B6E1E325518008D567A /* AppDelegate.swift */,
				30075B751E325518008D567A /* Assets.xcassets */,
				30075B771E325518008D567A /* LaunchScreen.storyboard */,
				30075B7A1E325518008D567A /* Info.plist */,
			);
			path = MVC02;
			sourceTree = "<group>";
		};
		30075B801E325535008D567A /* Model */ = {
			isa = PBXGroup;
			children = (
				30075B8C1E326A2B008D567A /* Model.swift */,
				30075B821E3255BE008D567A /* Model1.swift */,
				30075B841E3258FF008D567A /* Model2.swift */,
			);
			name = Model;
			sourceTree = "<group>";
		};
		30075B861E3259B0008D567A /* Controller */ = {
			isa = PBXGroup;
			children = (
				30075B871E3259F4008D567A /* Controller1.swift */,
				30075B891E325A07008D567A /* Controller2.swift */,
			);
			name = Controller;
			sourceTree = "<group>";
		};
		30075B8B1E325A28008D567A /* View */ = {
			isa = PBXGroup;
			children = (
				30075B721E325518008D567A /* Main.storyboard */,
			);
			name = View;
			sourceTree = "<group>";
		};
/* End PBXGroup section */

/* Begin PBXNativeTarget section */
		30075B6A1E325518008D567A /* MVC02 */ = {
			isa = PBXNativeTarget;
			buildConfigurationList = 30075B7D1E325518008D567A /* Build configuration list for PBXNativeTarget "MVC02" */;
			buildPhases = (
				30075B671E325518008D567A /* Sources */,
				30075B681E325518008D567A /* Frameworks */,
				30075B691E325518008D567A /* Resources */,
			);
			buildRules = (
			);
			dependencies = (
			);
			name = MVC02;
			productName = MVC02;
			productReference = 30075B6B1E325518008D567A /* MVC02.app */;
			productType = "com.apple.product-type.application";
		};
/* End PBXNativeTarget section */

/* Begin PBXProject section */
		30075B631E325518008D567A /* Project object */ = {
			isa = PBXProject;
			attributes = {
				LastSwiftUpdateCheck = 0820;
				LastUpgradeCheck = 0820;
				ORGANIZATIONNAME = "Ignazio Finizio";
				TargetAttributes = {
					30075B6A1E325518008D567A = {
						CreatedOnToolsVersion = 8.2.1;
						DevelopmentTeam = 68Y8A29K32;
						ProvisioningStyle = Automatic;
					};
				};
			};
			buildConfigurationList = 30075B661E325518008D567A /* Build configuration list for PBXProject "MVC02" */;
			compatibilityVersion = "Xcode 3.2";
			developmentRegion = English;
			hasScannedForEncodings = 0;
			knownRegions = (
				en,
				Base,
			);
			mainGroup = 30075B621E325518008D567A;
			productRefGroup = 30075B6C1E325518008D567A /* Products */;
			projectDirPath = "";
			projectRoot = "";
			targets = (
				30075B6A1E325518008D567A /* MVC02 */,
			);
		};
/* End PBXProject section */

/* Begin PBXResourcesBuildPhase section */
		30075B691E325518008D567A /* Resources */ = {
			isa = PBXResourcesBuildPhase;
			buildActionMask = 2147483647;
			files = (
				30075B791E325518008D567A /* LaunchScreen.storyboard in Resources */,
				30075B761E325518008D567A /* Assets.xcassets in Resources */,
				30075B741E325518008D567A /* Main.storyboard in Resources */,
			);
			runOnlyForDeploymentPostprocessing = 0;
		};
/* End PBXResourcesBuildPhase section */

/* Begin PBXSourcesBuildPhase section */
		30075B671E325518008D567A /* Sources */ = {
			isa = PBXSourcesBuildPhase;
			buildActionMask = 2147483647;
			files = (
				30075B8A1E325A07008D567A /* Controller2.swift in Sources */,
				30075B831E3255BE008D567A /* Model1.swift in Sources */,
				30075B851E3258FF008D567A /* Model2.swift in Sources */,
				30075B8D1E326A2B008D567A /* Model.swift in Sources */,
				30075B881E3259F4008D567A /* Controller1.swift in Sources */,
				30075B6F1E325518008D567A /* AppDelegate.swift in Sources */,
			);
			runOnlyForDeploymentPostprocessing = 0;
		};
/* End PBXSourcesBuildPhase section */

/* Begin PBXVariantGroup section */
		30075B721E325518008D567A /* Main.storyboard */ = {
			isa = PBXVariantGroup;
			children = (
				30075B731E325518008D567A /* Base */,
			);
			name = Main.storyboard;
			sourceTree = "<group>";
		};
		30075B771E325518008D567A /* LaunchScreen.storyboard */ = {
			isa = PBXVariantGroup;
			children = (
				30075B781E325518008D567A /* Base */,
			);
			name = LaunchScreen.storyboard;
			sourceTree = "<group>";
		};
/* End PBXVariantGroup section */

/* Begin XCBuildConfiguration section */
		30075B7B1E325518008D567A /* Debug */ = {
			isa = XCBuildConfiguration;
			buildSettings = {
				ALWAYS_SEARCH_USER_PATHS = NO;
				CLANG_ANALYZER_NONNULL = YES;
				CLANG_CXX_LANGUAGE_STANDARD = "gnu++0x";
				CLANG_CXX_LIBRARY = "libc++";
				CLANG_ENABLE_MODULES = YES;
				CLANG_ENABLE_OBJC_ARC = YES;
				CLANG_WARN_BOOL_CONVERSION = YES;
				CLANG_WARN_CONSTANT_CONVERSION = YES;
				CLANG_WARN_DIRECT_OBJC_ISA_USAGE = YES_ERROR;
				CLANG_WARN_DOCUMENTATION_COMMENTS = YES;
				CLANG_WARN_EMPTY_BODY = YES;
				CLANG_WARN_ENUM_CONVERSION = YES;
				CLANG_WARN_INFINITE_RECURSION = YES;
				CLANG_WARN_INT_CONVERSION = YES;
				CLANG_WARN_OBJC_ROOT_CLASS = YES_ERROR;
				CLANG_WARN_SUSPICIOUS_MOVE = YES;
				CLANG_WARN_UNREACHABLE_CODE = YES;
				CLANG_WARN__DUPLICATE_METHOD_MATCH = YES;
				"CODE_SIGN_IDENTITY[sdk=iphoneos*]" = "iPhone Developer";
				COPY_PHASE_STRIP = NO;
				DEBUG_INFORMATION_FORMAT = dwarf;
				ENABLE_STRICT_OBJC_MSGSEND = YES;
				ENABLE_TESTABILITY = YES;
				GCC_C_LANGUAGE_STANDARD = gnu99;
				GCC_DYNAMIC_NO_PIC = NO;
				GCC_NO_COMMON_BLOCKS = YES;
				GCC_OPTIMIZATION_LEVEL = 0;
				GCC_PREPROCESSOR_DEFINITIONS = (
					"DEBUG=1",
					"$(inherited)",
				);
				GCC_WARN_64_TO_32_BIT_CONVERSION = YES;
				GCC_WARN_ABOUT_RETURN_TYPE = YES_ERROR;
				GCC_WARN_UNDECLARED_SELECTOR = YES;
				GCC_WARN_UNINITIALIZED_AUTOS = YES_AGGRESSIVE;
				GCC_WARN_UNUSED_FUNCTION = YES;
				GCC_WARN_UNUSED_VARIABLE = YES;
				IPHONEOS_DEPLOYMENT_TARGET = 10.2;
				MTL_ENABLE_DEBUG_INFO = YES;
				ONLY_ACTIVE_ARCH = YES;
				SDKROOT = iphoneos;
				SWIFT_ACTIVE_COMPILATION_CONDITIONS = DEBUG;
				SWIFT_OPTIMIZATION_LEVEL = "-Onone";
			};
			name = Debug;
		};
		30075B7C1E325518008D567A /* Release */ = {
			isa = XCBuildConfiguration;
			buildSettings = {
				ALWAYS_SEARCH_USER_PATHS = NO;
				CLANG_ANALYZER_NONNULL = YES;
				CLANG_CXX_LANGUAGE_STANDARD = "gnu++0x";
				CLANG_CXX_LIBRARY = "libc++";
				CLANG_ENABLE_MODULES = YES;
				CLANG_ENABLE_OBJC_ARC = YES;
				CLANG_WARN_BOOL_CONVERSION = YES;
				CLANG_WARN_CONSTANT_CONVERSION = YES;
				CLANG_WARN_DIRECT_OBJC_ISA_USAGE = YES_ERROR;
				CLANG_WARN_DOCUMENTATION_COMMENTS = YES;
				CLANG_WARN_EMPTY_BODY = YES;
				CLANG_WARN_ENUM_CONVERSION = YES;
				CLANG_WARN_INFINITE_RECURSION = YES;
				CLANG_WARN_INT_CONVERSION = YES;
				CLANG_WARN_OBJC_ROOT_CLASS = YES_ERROR;
				CLANG_WARN_SUSPICIOUS_MOVE = YES;
				CLANG_WARN_UNREACHABLE_CODE = YES;
				CLANG_WARN__DUPLICATE_METHOD_MATCH = YES;
				"CODE_SIGN_IDENTITY[sdk=iphoneos*]" = "iPhone Developer";
				COPY_PHASE_STRIP = NO;
				DEBUG_INFORMATION_FORMAT = "dwarf-with-dsym";
				ENABLE_NS_ASSERTIONS = NO;
				ENABLE_STRICT_OBJC_MSGSEND = YES;
				GCC_C_LANGUAGE_STANDARD = gnu99;
				GCC_NO_COMMON_BLOCKS = YES;
				GCC_WARN_64_TO_32_BIT_CONVERSION = YES;
				GCC_WARN_ABOUT_RETURN_TYPE = YES_ERROR;
				GCC_WARN_UNDECLARED_SELECTOR = YES;
				GCC_WARN_UNINITIALIZED_AUTOS = YES_AGGRESSIVE;
				GCC_WARN_UNUSED_FUNCTION = YES;
				GCC_WARN_UNUSED_VARIABLE = YES;
				IPHONEOS_DEPLOYMENT_TARGET = 10.2;
				MTL_ENABLE_DEBUG_INFO = NO;
				SDKROOT = iphoneos;
				SWIFT_OPTIMIZATION_LEVEL = "-Owholemodule";
				VALIDATE_PRODUCT = YES;
			};
			name = Release;
		};
		30075B7E1E325518008D567A /* Debug */ = {
			isa = XCBuildConfiguration;
			buildSettings = {
				ASSETCATALOG_COMPILER_APPICON_NAME = AppIcon;
				DEVELOPMENT_TEAM = 68Y8A29K32;
				INFOPLIST_FILE = MVC02/Info.plist;
				LD_RUNPATH_SEARCH_PATHS = "$(inherited) @executable_path/Frameworks";
				PRODUCT_BUNDLE_IDENTIFIER = it.studiofinizio.MVC02;
				PRODUCT_NAME = "$(TARGET_NAME)";
				SWIFT_VERSION = 3.0;
			};
			name = Debug;
		};
		30075B7F1E325518008D567A /* Release */ = {
			isa = XCBuildConfiguration;
			buildSettings = {
				ASSETCATALOG_COMPILER_APPICON_NAME = AppIcon;
				DEVELOPMENT_TEAM = 68Y8A29K32;
				INFOPLIST_FILE = MVC02/Info.plist;
				LD_RUNPATH_SEARCH_PATHS = "$(inherited) @executable_path/Frameworks";
				PRODUCT_BUNDLE_IDENTIFIER = it.studiofinizio.MVC02;
				PRODUCT_NAME = "$(TARGET_NAME)";
				SWIFT_VERSION = 3.0;
			};
			name = Release;
		};
/* End XCBuildConfiguration section */

/* Begin XCConfigurationList section */
		30075B661E325518008D567A /* Build configuration list for PBXProject "MVC02" */ = {
			isa = XCConfigurationList;
			buildConfigurations = (
				30075B7B1E325518008D567A /* Debug */,
				30075B7C1E325518008D567A /* Release */,
			);
			defaultConfigurationIsVisible = 0;
			defaultConfigurationName = Release;
		};
		30075B7D1E325518008D567A /* Build configuration list for PBXNativeTarget "MVC02" */ = {
			isa = XCConfigurationList;
			buildConfigurations = (
				30075B7E1E325518008D567A /* Debug */,
				30075B7F1E325518008D567A /* Release */,
			);
			defaultConfigurationIsVisible = 0;
		};
/* End XCConfigurationList section */
	};
	rootObject = 30075B631E325518008D567A /* Project object */;
}
